
Microsoft Visual Studio Solution File, Format Version 12.00
# Visual Studio Version 17
VisualStudioVersion = 17.0.31903.59
MinimumVisualStudioVersion = 10.0.40219.1
Project("{FAE04EC0-301F-11D3-BF4B-00C04F79EFBC}") = "Snake", "Snake\Snake.csproj", "{E0DE4DF1-F64E-4786-ADF2-2314B295CED5}"
EndProject
Global
	GlobalSection(SolutionConfigurationPlatforms) = preSolution
		Debug|Any CPU = Debug|Any CPU
		Release|Any CPU = Release|Any CPU
	EndGlobalSection
	GlobalSection(ProjectConfigurationPlatforms) = postSolution
		{E0DE4DF1-F64E-4786-ADF2-2314B295CED5}.Debug|Any CPU.ActiveCfg = Debug|Any CPU
		{E0DE4DF1-F64E-4786-ADF2-2314B295CED5}.Debug|Any CPU.Build.0 = Debug|Any CPU
		{E0DE4DF1-F64E-4786-ADF2-2314B295CED5}.Release|Any CPU.ActiveCfg = Release|Any CPU
		{E0DE4DF1-F64E-4786-ADF2-2314B295CED5}.Release|Any CPU.Build.0 = Release|Any CPU
	EndGlobalSection
	GlobalSection(SolutionProperties) = preSolution
		HideSolutionNode = FALSE
	EndGlobalSection
	GlobalSection(ExtensibilityGlobals) = postSolution
		SolutionGuid = {A7FFD938-7BDB-443F-A8AF-E6ABCC02BD8C}
	EndGlobalSection
EndGlobal
